// !$*UTF8*$!
{
	archiveVersion = 1;
	classes = {
	};
	objectVersion = 48;
	objects = {

/* Begin PBXBuildFile section */
		205658DD21A836BE00791C03 /* MainViewController.swift in Sources */ = {isa = PBXBuildFile; fileRef = 205658DC21A836BE00791C03 /* MainViewController.swift */; };
		205658DF21A87F6C00791C03 /* OpleidingEditVC.swift in Sources */ = {isa = PBXBuildFile; fileRef = 205658DE21A87F6C00791C03 /* OpleidingEditVC.swift */; };
		20867B3C1FFF048500A6EBB1 /* AppDelegate.swift in Sources */ = {isa = PBXBuildFile; fileRef = 20867B3B1FFF048500A6EBB1 /* AppDelegate.swift */; };
		20867B3E1FFF048500A6EBB1 /* ViewController.swift in Sources */ = {isa = PBXBuildFile; fileRef = 20867B3D1FFF048500A6EBB1 /* ViewController.swift */; };
		20867B411FFF048500A6EBB1 /* Main.storyboard in Resources */ = {isa = PBXBuildFile; fileRef = 20867B3F1FFF048500A6EBB1 /* Main.storyboard */; };
		20867B431FFF048500A6EBB1 /* Assets.xcassets in Resources */ = {isa = PBXBuildFile; fileRef = 20867B421FFF048500A6EBB1 /* Assets.xcassets */; };
		20867B461FFF048500A6EBB1 /* LaunchScreen.storyboard in Resources */ = {isa = PBXBuildFile; fileRef = 20867B441FFF048500A6EBB1 /* LaunchScreen.storyboard */; };
		20867B4E1FFF054200A6EBB1 /* CRMdata.swift in Sources */ = {isa = PBXBuildFile; fileRef = 20867B4D1FFF054200A6EBB1 /* CRMdata.swift */; };
		20867B501FFF075400A6EBB1 /* OpleidingVC.swift in Sources */ = {isa = PBXBuildFile; fileRef = 20867B4F1FFF075400A6EBB1 /* OpleidingVC.swift */; };
/* End PBXBuildFile section */

/* Begin PBXFileReference section */
		205658DC21A836BE00791C03 /* MainViewController.swift */ = {isa = PBXFileReference; lastKnownFileType = sourcecode.swift; path = MainViewController.swift; sourceTree = "<group>"; };
		205658DE21A87F6C00791C03 /* OpleidingEditVC.swift */ = {isa = PBXFileReference; lastKnownFileType = sourcecode.swift; path = OpleidingEditVC.swift; sourceTree = "<group>"; };
		20867B381FFF048500A6EBB1 /* CRM.app */ = {isa = PBXFileReference; explicitFileType = wrapper.application; includeInIndex = 0; path = CRM.app; sourceTree = BUILT_PRODUCTS_DIR; };
		20867B3B1FFF048500A6EBB1 /* AppDelegate.swift */ = {isa = PBXFileReference; lastKnownFileType = sourcecode.swift; path = AppDelegate.swift; sourceTree = "<group>"; };
		20867B3D1FFF048500A6EBB1 /* ViewController.swift */ = {isa = PBXFileReference; lastKnownFileType = sourcecode.swift; path = ViewController.swift; sourceTree = "<group>"; };
		20867B401FFF048500A6EBB1 /* Base */ = {isa = PBXFileReference; lastKnownFileType = file.storyboard; name = Base; path = Base.lproj/Main.storyboard; sourceTree = "<group>"; };
		20867B421FFF048500A6EBB1 /* Assets.xcassets */ = {isa = PBXFileReference; lastKnownFileType = folder.assetcatalog; path = Assets.xcassets; sourceTree = "<group>"; };
		20867B451FFF048500A6EBB1 /* Base */ = {isa = PBXFileReference; lastKnownFileType = file.storyboard; name = Base; path = Base.lproj/LaunchScreen.storyboard; sourceTree = "<group>"; };
		20867B471FFF048500A6EBB1 /* Info.plist */ = {isa = PBXFileReference; lastKnownFileType = text.plist.xml; path = Info.plist; sourceTree = "<group>"; };
		20867B4D1FFF054200A6EBB1 /* CRMdata.swift */ = {isa = PBXFileReference; lastKnownFileType = sourcecode.swift; path = CRMdata.swift; sourceTree = "<group>"; };
		20867B4F1FFF075400A6EBB1 /* OpleidingVC.swift */ = {isa = PBXFileReference; lastKnownFileType = sourcecode.swift; path = OpleidingVC.swift; sourceTree = "<group>"; };
/* End PBXFileReference section */

/* Begin PBXFrameworksBuildPhase section */
		20867B351FFF048500A6EBB1 /* Frameworks */ = {
			isa = PBXFrameworksBuildPhase;
			buildActionMask = 2147483647;
			files = (
			);
			runOnlyForDeploymentPostprocessing = 0;
		};
/* End PBXFrameworksBuildPhase section */

/* Begin PBXGroup section */
		20867B2F1FFF048500A6EBB1 = {
			isa = PBXGroup;
			children = (
				20867B3A1FFF048500A6EBB1 /* CRM */,
				20867B391FFF048500A6EBB1 /* Products */,
			);
			sourceTree = "<group>";
		};
		20867B391FFF048500A6EBB1 /* Products */ = {
			isa = PBXGroup;
			children = (
				20867B381FFF048500A6EBB1 /* CRM.app */,
			);
			name = Products;
			sourceTree = "<group>";
		};
		20867B3A1FFF048500A6EBB1 /* CRM */ = {
			isa = PBXGroup;
			children = (
				20867B3B1FFF048500A6EBB1 /* AppDelegate.swift */,
				20867B3D1FFF048500A6EBB1 /* ViewController.swift */,
				20867B4F1FFF075400A6EBB1 /* OpleidingVC.swift */,
				20867B4D1FFF054200A6EBB1 /* CRMdata.swift */,
				20867B3F1FFF048500A6EBB1 /* Main.storyboard */,
				205658DE21A87F6C00791C03 /* OpleidingEditVC.swift */,
				205658DC21A836BE00791C03 /* MainViewController.swift */,
				20867B421FFF048500A6EBB1 /* Assets.xcassets */,
				20867B441FFF048500A6EBB1 /* LaunchScreen.storyboard */,
				20867B471FFF048500A6EBB1 /* Info.plist */,
			);
			path = CRM;
			sourceTree = "<group>";
		};
/* End PBXGroup section */

/* Begin PBXNativeTarget section */
		20867B371FFF048500A6EBB1 /* CRM */ = {
			isa = PBXNativeTarget;
			buildConfigurationList = 20867B4A1FFF048500A6EBB1 /* Build configuration list for PBXNativeTarget "CRM" */;
			buildPhases = (
				20867B341FFF048500A6EBB1 /* Sources */,
				20867B351FFF048500A6EBB1 /* Frameworks */,
				20867B361FFF048500A6EBB1 /* Resources */,
			);
			buildRules = (
			);
			dependencies = (
			);
			name = CRM;
			productName = CRM;
			productReference = 20867B381FFF048500A6EBB1 /* CRM.app */;
			productType = "com.apple.product-type.application";
		};
/* End PBXNativeTarget section */

/* Begin PBXProject section */
		20867B301FFF048500A6EBB1 /* Project object */ = {
			isa = PBXProject;
			attributes = {
				LastSwiftUpdateCheck = 0920;
				LastUpgradeCheck = 0920;
				ORGANIZATIONNAME = "Roy Berner";
				TargetAttributes = {
					20867B371FFF048500A6EBB1 = {
						CreatedOnToolsVersion = 9.2;
						LastSwiftMigration = 1010;
						ProvisioningStyle = Automatic;
					};
				};
			};
			buildConfigurationList = 20867B331FFF048500A6EBB1 /* Build configuration list for PBXProject "CRM" */;
			compatibilityVersion = "Xcode 8.0";
			developmentRegion = en;
			hasScannedForEncodings = 0;
			knownRegions = (
				en,
				Base,
			);
			mainGroup = 20867B2F1FFF048500A6EBB1;
			productRefGroup = 20867B391FFF048500A6EBB1 /* Products */;
			projectDirPath = "";
			projectRoot = "";
			targets = (
				20867B371FFF048500A6EBB1 /* CRM */,
			);
		};
/* End PBXProject section */

/* Begin PBXResourcesBuildPhase section */
		20867B361FFF048500A6EBB1 /* Resources */ = {
			isa = PBXResourcesBuildPhase;
			buildActionMask = 2147483647;
			files = (
				20867B461FFF048500A6EBB1 /* LaunchScreen.storyboard in Resources */,
				20867B431FFF048500A6EBB1 /* Assets.xcassets in Resources */,
				20867B411FFF048500A6EBB1 /* Main.storyboard in Resources */,
			);
			runOnlyForDeploymentPostprocessing = 0;
		};
/* End PBXResourcesBuildPhase section */

/* Begin PBXSourcesBuildPhase section */
		20867B341FFF048500A6EBB1 /* Sources */ = {
			isa = PBXSourcesBuildPhase;
			buildActionMask = 2147483647;
			files = (
				205658DF21A87F6C00791C03 /* OpleidingEditVC.swift in Sources */,
				20867B501FFF075400A6EBB1 /* OpleidingVC.swift in Sources */,
				20867B3E1FFF048500A6EBB1 /* ViewController.swift in Sources */,
				20867B4E1FFF054200A6EBB1 /* CRMdata.swift in Sources */,
				20867B3C1FFF048500A6EBB1 /* AppDelegate.swift in Sources */,
				205658DD21A836BE00791C03 /* MainViewController.swift in Sources */,
			);
			runOnlyForDeploymentPostprocessing = 0;
		};
/* End PBXSourcesBuildPhase section */

/* Begin PBXVariantGroup section */
		20867B3F1FFF048500A6EBB1 /* Main.storyboard */ = {
			isa = PBXVariantGroup;
			children = (
				20867B401FFF048500A6EBB1 /* Base */,
			);
			name = Main.storyboard;
			sourceTree = "<group>";
		};
		20867B441FFF048500A6EBB1 /* LaunchScreen.storyboard */ = {
			isa = PBXVariantGroup;
			children = (
				20867B451FFF048500A6EBB1 /* Base */,
			);
			name = LaunchScreen.storyboard;
			sourceTree = "<group>";
		};
/* End PBXVariantGroup section */

/* Begin XCBuildConfiguration section */
		20867B481FFF048500A6EBB1 /* Debug */ = {
			isa = XCBuildConfiguration;
			buildSettings = {
				ALWAYS_SEARCH_USER_PATHS = NO;
				CLANG_ANALYZER_NONNULL = YES;
				CLANG_ANALYZER_NUMBER_OBJECT_CONVERSION = YES_AGGRESSIVE;
				CLANG_CXX_LANGUAGE_STANDARD = "gnu++14";
				CLANG_CXX_LIBRARY = "libc++";
				CLANG_ENABLE_MODULES = YES;
				CLANG_ENABLE_OBJC_ARC = YES;
				CLANG_WARN_BLOCK_CAPTURE_AUTORELEASING = YES;
				CLANG_WARN_BOOL_CONVERSION = YES;
				CLANG_WARN_COMMA = YES;
				CLANG_WARN_CONSTANT_CONVERSION = YES;
				CLANG_WARN_DIRECT_OBJC_ISA_USAGE = YES_ERROR;
				CLANG_WARN_DOCUMENTATION_COMMENTS = YES;
				CLANG_WARN_EMPTY_BODY = YES;
				CLANG_WARN_ENUM_CONVERSION = YES;
				CLANG_WARN_INFINITE_RECURSION = YES;
				CLANG_WARN_INT_CONVERSION = YES;
				CLANG_WARN_NON_LITERAL_NULL_CONVERSION = YES;
				CLANG_WARN_OBJC_LITERAL_CONVERSION = YES;
				CLANG_WARN_OBJC_ROOT_CLASS = YES_ERROR;
				CLANG_WARN_RANGE_LOOP_ANALYSIS = YES;
				CLANG_WARN_STRICT_PROTOTYPES = YES;
				CLANG_WARN_SUSPICIOUS_MOVE = YES;
				CLANG_WARN_UNGUARDED_AVAILABILITY = YES_AGGRESSIVE;
				CLANG_WARN_UNREACHABLE_CODE = YES;
				CLANG_WARN__DUPLICATE_METHOD_MATCH = YES;
				CODE_SIGN_IDENTITY = "iPhone Developer";
				COPY_PHASE_STRIP = NO;
				DEBUG_INFORMATION_FORMAT = dwarf;
				ENABLE_STRICT_OBJC_MSGSEND = YES;
				ENABLE_TESTABILITY = YES;
				GCC_C_LANGUAGE_STANDARD = gnu11;
				GCC_DYNAMIC_NO_PIC = NO;
				GCC_NO_COMMON_BLOCKS = YES;
				GCC_OPTIMIZATION_LEVEL = 0;
				GCC_PREPROCESSOR_DEFINITIONS = (
					"DEBUG=1",
					"$(inherited)",
				);
				GCC_WARN_64_TO_32_BIT_CONVERSION = YES;
				GCC_WARN_ABOUT_RETURN_TYPE = YES_ERROR;
				GCC_WARN_UNDECLARED_SELECTOR = YES;
				GCC_WARN_UNINITIALIZED_AUTOS = YES_AGGRESSIVE;
				GCC_WARN_UNUSED_FUNCTION = YES;
				GCC_WARN_UNUSED_VARIABLE = YES;
				IPHONEOS_DEPLOYMENT_TARGET = 11.2;
				MTL_ENABLE_DEBUG_INFO = YES;
				ONLY_ACTIVE_ARCH = YES;
				SDKROOT = iphoneos;
				SWIFT_ACTIVE_COMPILATION_CONDITIONS = DEBUG;
				SWIFT_OPTIMIZATION_LEVEL = "-Onone";
			};
			name = Debug;
		};
		20867B491FFF048500A6EBB1 /* Release */ = {
			isa = XCBuildConfiguration;
			buildSettings = {
				ALWAYS_SEARCH_USER_PATHS = NO;
				CLANG_ANALYZER_NONNULL = YES;
				CLANG_ANALYZER_NUMBER_OBJECT_CONVERSION = YES_AGGRESSIVE;
				CLANG_CXX_LANGUAGE_STANDARD = "gnu++14";
				CLANG_CXX_LIBRARY = "libc++";
				CLANG_ENABLE_MODULES = YES;
				CLANG_ENABLE_OBJC_ARC = YES;
				CLANG_WARN_BLOCK_CAPTURE_AUTORELEASING = YES;
				CLANG_WARN_BOOL_CONVERSION = YES;
				CLANG_WARN_COMMA = YES;
				CLANG_WARN_CONSTANT_CONVERSION = YES;
				CLANG_WARN_DIRECT_OBJC_ISA_USAGE = YES_ERROR;
				CLANG_WARN_DOCUMENTATION_COMMENTS = YES;
				CLANG_WARN_EMPTY_BODY = YES;
				CLANG_WARN_ENUM_CONVERSION = YES;
				CLANG_WARN_INFINITE_RECURSION = YES;
				CLANG_WARN_INT_CONVERSION = YES;
				CLANG_WARN_NON_LITERAL_NULL_CONVERSION = YES;
				CLANG_WARN_OBJC_LITERAL_CONVERSION = YES;
				CLANG_WARN_OBJC_ROOT_CLASS = YES_ERROR;
				CLANG_WARN_RANGE_LOOP_ANALYSIS = YES;
				CLANG_WARN_STRICT_PROTOTYPES = YES;
				CLANG_WARN_SUSPICIOUS_MOVE = YES;
				CLANG_WARN_UNGUARDED_AVAILABILITY = YES_AGGRESSIVE;
				CLANG_WARN_UNREACHABLE_CODE = YES;
				CLANG_WARN__DUPLICATE_METHOD_MATCH = YES;
				CODE_SIGN_IDENTITY = "iPhone Developer";
				COPY_PHASE_STRIP = NO;
				DEBUG_INFORMATION_FORMAT = "dwarf-with-dsym";
				ENABLE_NS_ASSERTIONS = NO;
				ENABLE_STRICT_OBJC_MSGSEND = YES;
				GCC_C_LANGUAGE_STANDARD = gnu11;
				GCC_NO_COMMON_BLOCKS = YES;
				GCC_WARN_64_TO_32_BIT_CONVERSION = YES;
				GCC_WARN_ABOUT_RETURN_TYPE = YES_ERROR;
				GCC_WARN_UNDECLARED_SELECTOR = YES;
				GCC_WARN_UNINITIALIZED_AUTOS = YES_AGGRESSIVE;
				GCC_WARN_UNUSED_FUNCTION = YES;
				GCC_WARN_UNUSED_VARIABLE = YES;
				IPHONEOS_DEPLOYMENT_TARGET = 11.2;
				MTL_ENABLE_DEBUG_INFO = NO;
				SDKROOT = iphoneos;
				SWIFT_OPTIMIZATION_LEVEL = "-Owholemodule";
				VALIDATE_PRODUCT = YES;
			};
			name = Release;
		};
		20867B4B1FFF048500A6EBB1 /* Debug */ = {
			isa = XCBuildConfiguration;
			buildSettings = {
				ASSETCATALOG_COMPILER_APPICON_NAME = AppIcon;
				CODE_SIGN_STYLE = Automatic;
				DEVELOPMENT_TEAM = 868SQC422Z;
				INFOPLIST_FILE = CRM/Info.plist;
				LD_RUNPATH_SEARCH_PATHS = "$(inherited) @executable_path/Frameworks";
				PRODUCT_BUNDLE_IDENTIFIER = com.royberner.CRM;
				PRODUCT_NAME = "$(TARGET_NAME)";
				SWIFT_VERSION = 4.2;
				TARGETED_DEVICE_FAMILY = "1,2";
			};
			name = Debug;
		};
		20867B4C1FFF048500A6EBB1 /* Release */ = {
			isa = XCBuildConfiguration;
			buildSettings = {
				ASSETCATALOG_COMPILER_APPICON_NAME = AppIcon;
				CODE_SIGN_STYLE = Automatic;
				DEVELOPMENT_TEAM = 868SQC422Z;
				INFOPLIST_FILE = CRM/Info.plist;
				LD_RUNPATH_SEARCH_PATHS = "$(inherited) @executable_path/Frameworks";
				PRODUCT_BUNDLE_IDENTIFIER = com.royberner.CRM;
				PRODUCT_NAME = "$(TARGET_NAME)";
				SWIFT_VERSION = 4.2;
				TARGETED_DEVICE_FAMILY = "1,2";
			};
			name = Release;
		};
/* End XCBuildConfiguration section */

/* Begin XCConfigurationList section */
		20867B331FFF048500A6EBB1 /* Build configuration list for PBXProject "CRM" */ = {
			isa = XCConfigurationList;
			buildConfigurations = (
				20867B481FFF048500A6EBB1 /* Debug */,
				20867B491FFF048500A6EBB1 /* Release */,
			);
			defaultConfigurationIsVisible = 0;
			defaultConfigurationName = Release;
		};
		20867B4A1FFF048500A6EBB1 /* Build configuration list for PBXNativeTarget "CRM" */ = {
			isa = XCConfigurationList;
			buildConfigurations = (
				20867B4B1FFF048500A6EBB1 /* Debug */,
				20867B4C1FFF048500A6EBB1 /* Release */,
			);
			defaultConfigurationIsVisible = 0;
			defaultConfigurationName = Release;
		};
/* End XCConfigurationList section */
	};
	rootObject = 20867B301FFF048500A6EBB1 /* Project object */;
}
